// !$*UTF8*$!
{
	archiveVersion = 1;
	classes = {
	};
	objectVersion = 55;
	objects = {

/* Begin PBXBuildFile section */
		D9DAA85128BB14D10031CC5E /* AppDelegate.swift in Sources */ = {isa = PBXBuildFile; fileRef = D9DAA85028BB14D10031CC5E /* AppDelegate.swift */; };
		D9DAA85328BB14D10031CC5E /* SceneDelegate.swift in Sources */ = {isa = PBXBuildFile; fileRef = D9DAA85228BB14D10031CC5E /* SceneDelegate.swift */; };
		D9DAA85528BB14D10031CC5E /* ViewController.swift in Sources */ = {isa = PBXBuildFile; fileRef = D9DAA85428BB14D10031CC5E /* ViewController.swift */; };
		D9DAA85828BB14D10031CC5E /* Main.storyboard in Resources */ = {isa = PBXBuildFile; fileRef = D9DAA85628BB14D10031CC5E /* Main.storyboard */; };
		D9DAA85A28BB14D20031CC5E /* Assets.xcassets in Resources */ = {isa = PBXBuildFile; fileRef = D9DAA85928BB14D20031CC5E /* Assets.xcassets */; };
		D9DAA85D28BB14D20031CC5E /* LaunchScreen.storyboard in Resources */ = {isa = PBXBuildFile; fileRef = D9DAA85B28BB14D20031CC5E /* LaunchScreen.storyboard */; };
		D9DAA86828BB14D20031CC5E /* project_7Tests.swift in Sources */ = {isa = PBXBuildFile; fileRef = D9DAA86728BB14D20031CC5E /* project_7Tests.swift */; };
		D9DAA87228BB14D20031CC5E /* project_7UITests.swift in Sources */ = {isa = PBXBuildFile; fileRef = D9DAA87128BB14D20031CC5E /* project_7UITests.swift */; };
		D9DAA87428BB14D20031CC5E /* project_7UITestsLaunchTests.swift in Sources */ = {isa = PBXBuildFile; fileRef = D9DAA87328BB14D20031CC5E /* project_7UITestsLaunchTests.swift */; };
/* End PBXBuildFile section */

/* Begin PBXContainerItemProxy section */
		D9DAA86428BB14D20031CC5E /* PBXContainerItemProxy */ = {
			isa = PBXContainerItemProxy;
			containerPortal = D9DAA84528BB14D10031CC5E /* Project object */;
			proxyType = 1;
			remoteGlobalIDString = D9DAA84C28BB14D10031CC5E;
			remoteInfo = "project-7";
		};
		D9DAA86E28BB14D20031CC5E /* PBXContainerItemProxy */ = {
			isa = PBXContainerItemProxy;
			containerPortal = D9DAA84528BB14D10031CC5E /* Project object */;
			proxyType = 1;
			remoteGlobalIDString = D9DAA84C28BB14D10031CC5E;
			remoteInfo = "project-7";
		};
/* End PBXContainerItemProxy section */

/* Begin PBXFileReference section */
		D9DAA84D28BB14D10031CC5E /* project-7.app */ = {isa = PBXFileReference; explicitFileType = wrapper.application; includeInIndex = 0; path = "project-7.app"; sourceTree = BUILT_PRODUCTS_DIR; };
		D9DAA85028BB14D10031CC5E /* AppDelegate.swift */ = {isa = PBXFileReference; lastKnownFileType = sourcecode.swift; path = AppDelegate.swift; sourceTree = "<group>"; };
		D9DAA85228BB14D10031CC5E /* SceneDelegate.swift */ = {isa = PBXFileReference; lastKnownFileType = sourcecode.swift; path = SceneDelegate.swift; sourceTree = "<group>"; };
		D9DAA85428BB14D10031CC5E /* ViewController.swift */ = {isa = PBXFileReference; lastKnownFileType = sourcecode.swift; path = ViewController.swift; sourceTree = "<group>"; };
		D9DAA85728BB14D10031CC5E /* Base */ = {isa = PBXFileReference; lastKnownFileType = file.storyboard; name = Base; path = Base.lproj/Main.storyboard; sourceTree = "<group>"; };
		D9DAA85928BB14D20031CC5E /* Assets.xcassets */ = {isa = PBXFileReference; lastKnownFileType = folder.assetcatalog; path = Assets.xcassets; sourceTree = "<group>"; };
		D9DAA85C28BB14D20031CC5E /* Base */ = {isa = PBXFileReference; lastKnownFileType = file.storyboard; name = Base; path = Base.lproj/LaunchScreen.storyboard; sourceTree = "<group>"; };
		D9DAA85E28BB14D20031CC5E /* Info.plist */ = {isa = PBXFileReference; lastKnownFileType = text.plist.xml; path = Info.plist; sourceTree = "<group>"; };
		D9DAA86328BB14D20031CC5E /* project-7Tests.xctest */ = {isa = PBXFileReference; explicitFileType = wrapper.cfbundle; includeInIndex = 0; path = "project-7Tests.xctest"; sourceTree = BUILT_PRODUCTS_DIR; };
		D9DAA86728BB14D20031CC5E /* project_7Tests.swift */ = {isa = PBXFileReference; lastKnownFileType = sourcecode.swift; path = project_7Tests.swift; sourceTree = "<group>"; };
		D9DAA86D28BB14D20031CC5E /* project-7UITests.xctest */ = {isa = PBXFileReference; explicitFileType = wrapper.cfbundle; includeInIndex = 0; path = "project-7UITests.xctest"; sourceTree = BUILT_PRODUCTS_DIR; };
		D9DAA87128BB14D20031CC5E /* project_7UITests.swift */ = {isa = PBXFileReference; lastKnownFileType = sourcecode.swift; path = project_7UITests.swift; sourceTree = "<group>"; };
		D9DAA87328BB14D20031CC5E /* project_7UITestsLaunchTests.swift */ = {isa = PBXFileReference; lastKnownFileType = sourcecode.swift; path = project_7UITestsLaunchTests.swift; sourceTree = "<group>"; };
/* End PBXFileReference section */

/* Begin PBXFrameworksBuildPhase section */
		D9DAA84A28BB14D10031CC5E /* Frameworks */ = {
			isa = PBXFrameworksBuildPhase;
			buildActionMask = 2147483647;
			files = (
			);
			runOnlyForDeploymentPostprocessing = 0;
		};
		D9DAA86028BB14D20031CC5E /* Frameworks */ = {
			isa = PBXFrameworksBuildPhase;
			buildActionMask = 2147483647;
			files = (
			);
			runOnlyForDeploymentPostprocessing = 0;
		};
		D9DAA86A28BB14D20031CC5E /* Frameworks */ = {
			isa = PBXFrameworksBuildPhase;
			buildActionMask = 2147483647;
			files = (
			);
			runOnlyForDeploymentPostprocessing = 0;
		};
/* End PBXFrameworksBuildPhase section */

/* Begin PBXGroup section */
		D9DAA84428BB14D10031CC5E = {
			isa = PBXGroup;
			children = (
				D9DAA84F28BB14D10031CC5E /* project-7 */,
				D9DAA86628BB14D20031CC5E /* project-7Tests */,
				D9DAA87028BB14D20031CC5E /* project-7UITests */,
				D9DAA84E28BB14D10031CC5E /* Products */,
			);
			sourceTree = "<group>";
		};
		D9DAA84E28BB14D10031CC5E /* Products */ = {
			isa = PBXGroup;
			children = (
				D9DAA84D28BB14D10031CC5E /* project-7.app */,
				D9DAA86328BB14D20031CC5E /* project-7Tests.xctest */,
				D9DAA86D28BB14D20031CC5E /* project-7UITests.xctest */,
			);
			name = Products;
			sourceTree = "<group>";
		};
		D9DAA84F28BB14D10031CC5E /* project-7 */ = {
			isa = PBXGroup;
			children = (
				D9DAA85028BB14D10031CC5E /* AppDelegate.swift */,
				D9DAA85228BB14D10031CC5E /* SceneDelegate.swift */,
				D9DAA85428BB14D10031CC5E /* ViewController.swift */,
				D9DAA85628BB14D10031CC5E /* Main.storyboard */,
				D9DAA85928BB14D20031CC5E /* Assets.xcassets */,
				D9DAA85B28BB14D20031CC5E /* LaunchScreen.storyboard */,
				D9DAA85E28BB14D20031CC5E /* Info.plist */,
			);
			path = "project-7";
			sourceTree = "<group>";
		};
		D9DAA86628BB14D20031CC5E /* project-7Tests */ = {
			isa = PBXGroup;
			children = (
				D9DAA86728BB14D20031CC5E /* project_7Tests.swift */,
			);
			path = "project-7Tests";
			sourceTree = "<group>";
		};
		D9DAA87028BB14D20031CC5E /* project-7UITests */ = {
			isa = PBXGroup;
			children = (
				D9DAA87128BB14D20031CC5E /* project_7UITests.swift */,
				D9DAA87328BB14D20031CC5E /* project_7UITestsLaunchTests.swift */,
			);
			path = "project-7UITests";
			sourceTree = "<group>";
		};
/* End PBXGroup section */

/* Begin PBXNativeTarget section */
		D9DAA84C28BB14D10031CC5E /* project-7 */ = {
			isa = PBXNativeTarget;
			buildConfigurationList = D9DAA87728BB14D20031CC5E /* Build configuration list for PBXNativeTarget "project-7" */;
			buildPhases = (
				D9DAA84928BB14D10031CC5E /* Sources */,
				D9DAA84A28BB14D10031CC5E /* Frameworks */,
				D9DAA84B28BB14D10031CC5E /* Resources */,
			);
			buildRules = (
			);
			dependencies = (
			);
			name = "project-7";
			productName = "project-7";
			productReference = D9DAA84D28BB14D10031CC5E /* project-7.app */;
			productType = "com.apple.product-type.application";
		};
		D9DAA86228BB14D20031CC5E /* project-7Tests */ = {
			isa = PBXNativeTarget;
			buildConfigurationList = D9DAA87A28BB14D20031CC5E /* Build configuration list for PBXNativeTarget "project-7Tests" */;
			buildPhases = (
				D9DAA85F28BB14D20031CC5E /* Sources */,
				D9DAA86028BB14D20031CC5E /* Frameworks */,
				D9DAA86128BB14D20031CC5E /* Resources */,
			);
			buildRules = (
			);
			dependencies = (
				D9DAA86528BB14D20031CC5E /* PBXTargetDependency */,
			);
			name = "project-7Tests";
			productName = "project-7Tests";
			productReference = D9DAA86328BB14D20031CC5E /* project-7Tests.xctest */;
			productType = "com.apple.product-type.bundle.unit-test";
		};
		D9DAA86C28BB14D20031CC5E /* project-7UITests */ = {
			isa = PBXNativeTarget;
			buildConfigurationList = D9DAA87D28BB14D20031CC5E /* Build configuration list for PBXNativeTarget "project-7UITests" */;
			buildPhases = (
				D9DAA86928BB14D20031CC5E /* Sources */,
				D9DAA86A28BB14D20031CC5E /* Frameworks */,
				D9DAA86B28BB14D20031CC5E /* Resources */,
			);
			buildRules = (
			);
			dependencies = (
				D9DAA86F28BB14D20031CC5E /* PBXTargetDependency */,
			);
			name = "project-7UITests";
			productName = "project-7UITests";
			productReference = D9DAA86D28BB14D20031CC5E /* project-7UITests.xctest */;
			productType = "com.apple.product-type.bundle.ui-testing";
		};
/* End PBXNativeTarget section */

/* Begin PBXProject section */
		D9DAA84528BB14D10031CC5E /* Project object */ = {
			isa = PBXProject;
			attributes = {
				BuildIndependentTargetsInParallel = 1;
				LastSwiftUpdateCheck = 1340;
				LastUpgradeCheck = 1340;
				TargetAttributes = {
					D9DAA84C28BB14D10031CC5E = {
						CreatedOnToolsVersion = 13.4.1;
					};
					D9DAA86228BB14D20031CC5E = {
						CreatedOnToolsVersion = 13.4.1;
						TestTargetID = D9DAA84C28BB14D10031CC5E;
					};
					D9DAA86C28BB14D20031CC5E = {
						CreatedOnToolsVersion = 13.4.1;
						TestTargetID = D9DAA84C28BB14D10031CC5E;
					};
				};
			};
			buildConfigurationList = D9DAA84828BB14D10031CC5E /* Build configuration list for PBXProject "project-7" */;
			compatibilityVersion = "Xcode 13.0";
			developmentRegion = en;
			hasScannedForEncodings = 0;
			knownRegions = (
				en,
				Base,
			);
			mainGroup = D9DAA84428BB14D10031CC5E;
			productRefGroup = D9DAA84E28BB14D10031CC5E /* Products */;
			projectDirPath = "";
			projectRoot = "";
			targets = (
				D9DAA84C28BB14D10031CC5E /* project-7 */,
				D9DAA86228BB14D20031CC5E /* project-7Tests */,
				D9DAA86C28BB14D20031CC5E /* project-7UITests */,
			);
		};
/* End PBXProject section */

/* Begin PBXResourcesBuildPhase section */
		D9DAA84B28BB14D10031CC5E /* Resources */ = {
			isa = PBXResourcesBuildPhase;
			buildActionMask = 2147483647;
			files = (
				D9DAA85D28BB14D20031CC5E /* LaunchScreen.storyboard in Resources */,
				D9DAA85A28BB14D20031CC5E /* Assets.xcassets in Resources */,
				D9DAA85828BB14D10031CC5E /* Main.storyboard in Resources */,
			);
			runOnlyForDeploymentPostprocessing = 0;
		};
		D9DAA86128BB14D20031CC5E /* Resources */ = {
			isa = PBXResourcesBuildPhase;
			buildActionMask = 2147483647;
			files = (
			);
			runOnlyForDeploymentPostprocessing = 0;
		};
		D9DAA86B28BB14D20031CC5E /* Resources */ = {
			isa = PBXResourcesBuildPhase;
			buildActionMask = 2147483647;
			files = (
			);
			runOnlyForDeploymentPostprocessing = 0;
		};
/* End PBXResourcesBuildPhase section */

/* Begin PBXSourcesBuildPhase section */
		D9DAA84928BB14D10031CC5E /* Sources */ = {
			isa = PBXSourcesBuildPhase;
			buildActionMask = 2147483647;
			files = (
				D9DAA85528BB14D10031CC5E /* ViewController.swift in Sources */,
				D9DAA85128BB14D10031CC5E /* AppDelegate.swift in Sources */,
				D9DAA85328BB14D10031CC5E /* SceneDelegate.swift in Sources */,
			);
			runOnlyForDeploymentPostprocessing = 0;
		};
		D9DAA85F28BB14D20031CC5E /* Sources */ = {
			isa = PBXSourcesBuildPhase;
			buildActionMask = 2147483647;
			files = (
				D9DAA86828BB14D20031CC5E /* project_7Tests.swift in Sources */,
			);
			runOnlyForDeploymentPostprocessing = 0;
		};
		D9DAA86928BB14D20031CC5E /* Sources */ = {
			isa = PBXSourcesBuildPhase;
			buildActionMask = 2147483647;
			files = (
				D9DAA87428BB14D20031CC5E /* project_7UITestsLaunchTests.swift in Sources */,
				D9DAA87228BB14D20031CC5E /* project_7UITests.swift in Sources */,
			);
			runOnlyForDeploymentPostprocessing = 0;
		};
/* End PBXSourcesBuildPhase section */

/* Begin PBXTargetDependency section */
		D9DAA86528BB14D20031CC5E /* PBXTargetDependency */ = {
			isa = PBXTargetDependency;
			target = D9DAA84C28BB14D10031CC5E /* project-7 */;
			targetProxy = D9DAA86428BB14D20031CC5E /* PBXContainerItemProxy */;
		};
		D9DAA86F28BB14D20031CC5E /* PBXTargetDependency */ = {
			isa = PBXTargetDependency;
			target = D9DAA84C28BB14D10031CC5E /* project-7 */;
			targetProxy = D9DAA86E28BB14D20031CC5E /* PBXContainerItemProxy */;
		};
/* End PBXTargetDependency section */

/* Begin PBXVariantGroup section */
		D9DAA85628BB14D10031CC5E /* Main.storyboard */ = {
			isa = PBXVariantGroup;
			children = (
				D9DAA85728BB14D10031CC5E /* Base */,
			);
			name = Main.storyboard;
			sourceTree = "<group>";
		};
		D9DAA85B28BB14D20031CC5E /* LaunchScreen.storyboard */ = {
			isa = PBXVariantGroup;
			children = (
				D9DAA85C28BB14D20031CC5E /* Base */,
			);
			name = LaunchScreen.storyboard;
			sourceTree = "<group>";
		};
/* End PBXVariantGroup section */

/* Begin XCBuildConfiguration section */
		D9DAA87528BB14D20031CC5E /* Debug */ = {
			isa = XCBuildConfiguration;
			buildSettings = {
				ALWAYS_SEARCH_USER_PATHS = NO;
				CLANG_ANALYZER_NONNULL = YES;
				CLANG_ANALYZER_NUMBER_OBJECT_CONVERSION = YES_AGGRESSIVE;
				CLANG_CXX_LANGUAGE_STANDARD = "gnu++17";
				CLANG_ENABLE_MODULES = YES;
				CLANG_ENABLE_OBJC_ARC = YES;
				CLANG_ENABLE_OBJC_WEAK = YES;
				CLANG_WARN_BLOCK_CAPTURE_AUTORELEASING = YES;
				CLANG_WARN_BOOL_CONVERSION = YES;
				CLANG_WARN_COMMA = YES;
				CLANG_WARN_CONSTANT_CONVERSION = YES;
				CLANG_WARN_DEPRECATED_OBJC_IMPLEMENTATIONS = YES;
				CLANG_WARN_DIRECT_OBJC_ISA_USAGE = YES_ERROR;
				CLANG_WARN_DOCUMENTATION_COMMENTS = YES;
				CLANG_WARN_EMPTY_BODY = YES;
				CLANG_WARN_ENUM_CONVERSION = YES;
				CLANG_WARN_INFINITE_RECURSION = YES;
				CLANG_WARN_INT_CONVERSION = YES;
				CLANG_WARN_NON_LITERAL_NULL_CONVERSION = YES;
				CLANG_WARN_OBJC_IMPLICIT_RETAIN_SELF = YES;
				CLANG_WARN_OBJC_LITERAL_CONVERSION = YES;
				CLANG_WARN_OBJC_ROOT_CLASS = YES_ERROR;
				CLANG_WARN_QUOTED_INCLUDE_IN_FRAMEWORK_HEADER = YES;
				CLANG_WARN_RANGE_LOOP_ANALYSIS = YES;
				CLANG_WARN_STRICT_PROTOTYPES = YES;
				CLANG_WARN_SUSPICIOUS_MOVE = YES;
				CLANG_WARN_UNGUARDED_AVAILABILITY = YES_AGGRESSIVE;
				CLANG_WARN_UNREACHABLE_CODE = YES;
				CLANG_WARN__DUPLICATE_METHOD_MATCH = YES;
				COPY_PHASE_STRIP = NO;
				DEBUG_INFORMATION_FORMAT = dwarf;
				ENABLE_STRICT_OBJC_MSGSEND = YES;
				ENABLE_TESTABILITY = YES;
				GCC_C_LANGUAGE_STANDARD = gnu11;
				GCC_DYNAMIC_NO_PIC = NO;
				GCC_NO_COMMON_BLOCKS = YES;
				GCC_OPTIMIZATION_LEVEL = 0;
				GCC_PREPROCESSOR_DEFINITIONS = (
					"DEBUG=1",
					"$(inherited)",
				);
				GCC_WARN_64_TO_32_BIT_CONVERSION = YES;
				GCC_WARN_ABOUT_RETURN_TYPE = YES_ERROR;
				GCC_WARN_UNDECLARED_SELECTOR = YES;
				GCC_WARN_UNINITIALIZED_AUTOS = YES_AGGRESSIVE;
				GCC_WARN_UNUSED_FUNCTION = YES;
				GCC_WARN_UNUSED_VARIABLE = YES;
				IPHONEOS_DEPLOYMENT_TARGET = 15.5;
				MTL_ENABLE_DEBUG_INFO = INCLUDE_SOURCE;
				MTL_FAST_MATH = YES;
				ONLY_ACTIVE_ARCH = YES;
				SDKROOT = iphoneos;
				SWIFT_ACTIVE_COMPILATION_CONDITIONS = DEBUG;
				SWIFT_OPTIMIZATION_LEVEL = "-Onone";
			};
			name = Debug;
		};
		D9DAA87628BB14D20031CC5E /* Release */ = {
			isa = XCBuildConfiguration;
			buildSettings = {
				ALWAYS_SEARCH_USER_PATHS = NO;
				CLANG_ANALYZER_NONNULL = YES;
				CLANG_ANALYZER_NUMBER_OBJECT_CONVERSION = YES_AGGRESSIVE;
				CLANG_CXX_LANGUAGE_STANDARD = "gnu++17";
				CLANG_ENABLE_MODULES = YES;
				CLANG_ENABLE_OBJC_ARC = YES;
				CLANG_ENABLE_OBJC_WEAK = YES;
				CLANG_WARN_BLOCK_CAPTURE_AUTORELEASING = YES;
				CLANG_WARN_BOOL_CONVERSION = YES;
				CLANG_WARN_COMMA = YES;
				CLANG_WARN_CONSTANT_CONVERSION = YES;
				CLANG_WARN_DEPRECATED_OBJC_IMPLEMENTATIONS = YES;
				CLANG_WARN_DIRECT_OBJC_ISA_USAGE = YES_ERROR;
				CLANG_WARN_DOCUMENTATION_COMMENTS = YES;
				CLANG_WARN_EMPTY_BODY = YES;
				CLANG_WARN_ENUM_CONVERSION = YES;
				CLANG_WARN_INFINITE_RECURSION = YES;
				CLANG_WARN_INT_CONVERSION = YES;
				CLANG_WARN_NON_LITERAL_NULL_CONVERSION = YES;
				CLANG_WARN_OBJC_IMPLICIT_RETAIN_SELF = YES;
				CLANG_WARN_OBJC_LITERAL_CONVERSION = YES;
				CLANG_WARN_OBJC_ROOT_CLASS = YES_ERROR;
				CLANG_WARN_QUOTED_INCLUDE_IN_FRAMEWORK_HEADER = YES;
				CLANG_WARN_RANGE_LOOP_ANALYSIS = YES;
				CLANG_WARN_STRICT_PROTOTYPES = YES;
				CLANG_WARN_SUSPICIOUS_MOVE = YES;
				CLANG_WARN_UNGUARDED_AVAILABILITY = YES_AGGRESSIVE;
				CLANG_WARN_UNREACHABLE_CODE = YES;
				CLANG_WARN__DUPLICATE_METHOD_MATCH = YES;
				COPY_PHASE_STRIP = NO;
				DEBUG_INFORMATION_FORMAT = "dwarf-with-dsym";
				ENABLE_NS_ASSERTIONS = NO;
				ENABLE_STRICT_OBJC_MSGSEND = YES;
				GCC_C_LANGUAGE_STANDARD = gnu11;
				GCC_NO_COMMON_BLOCKS = YES;
				GCC_WARN_64_TO_32_BIT_CONVERSION = YES;
				GCC_WARN_ABOUT_RETURN_TYPE = YES_ERROR;
				GCC_WARN_UNDECLARED_SELECTOR = YES;
				GCC_WARN_UNINITIALIZED_AUTOS = YES_AGGRESSIVE;
				GCC_WARN_UNUSED_FUNCTION = YES;
				GCC_WARN_UNUSED_VARIABLE = YES;
				IPHONEOS_DEPLOYMENT_TARGET = 15.5;
				MTL_ENABLE_DEBUG_INFO = NO;
				MTL_FAST_MATH = YES;
				SDKROOT = iphoneos;
				SWIFT_COMPILATION_MODE = wholemodule;
				SWIFT_OPTIMIZATION_LEVEL = "-O";
				VALIDATE_PRODUCT = YES;
			};
			name = Release;
		};
		D9DAA87828BB14D20031CC5E /* Debug */ = {
			isa = XCBuildConfiguration;
			buildSettings = {
				ASSETCATALOG_COMPILER_APPICON_NAME = AppIcon;
				ASSETCATALOG_COMPILER_GLOBAL_ACCENT_COLOR_NAME = AccentColor;
				CODE_SIGN_STYLE = Automatic;
				CURRENT_PROJECT_VERSION = 1;
				GENERATE_INFOPLIST_FILE = YES;
				INFOPLIST_FILE = "project-7/Info.plist";
				INFOPLIST_KEY_UIApplicationSupportsIndirectInputEvents = YES;
				INFOPLIST_KEY_UILaunchStoryboardName = LaunchScreen;
				INFOPLIST_KEY_UIMainStoryboardFile = Main;
				INFOPLIST_KEY_UISupportedInterfaceOrientations_iPad = "UIInterfaceOrientationPortrait UIInterfaceOrientationPortraitUpsideDown UIInterfaceOrientationLandscapeLeft UIInterfaceOrientationLandscapeRight";
				INFOPLIST_KEY_UISupportedInterfaceOrientations_iPhone = "UIInterfaceOrientationPortrait UIInterfaceOrientationLandscapeLeft UIInterfaceOrientationLandscapeRight";
				LD_RUNPATH_SEARCH_PATHS = (
					"$(inherited)",
					"@executable_path/Frameworks",
				);
				MARKETING_VERSION = 1.0;
				PRODUCT_BUNDLE_IDENTIFIER = "putranto.project-7";
				PRODUCT_NAME = "$(TARGET_NAME)";
				SWIFT_EMIT_LOC_STRINGS = YES;
				SWIFT_VERSION = 5.0;
				TARGETED_DEVICE_FAMILY = "1,2";
			};
			name = Debug;
		};
		D9DAA87928BB14D20031CC5E /* Release */ = {
			isa = XCBuildConfiguration;
			buildSettings = {
				ASSETCATALOG_COMPILER_APPICON_NAME = AppIcon;
				ASSETCATALOG_COMPILER_GLOBAL_ACCENT_COLOR_NAME = AccentColor;
				CODE_SIGN_STYLE = Automatic;
				CURRENT_PROJECT_VERSION = 1;
				GENERATE_INFOPLIST_FILE = YES;
				INFOPLIST_FILE = "project-7/Info.plist";
				INFOPLIST_KEY_UIApplicationSupportsIndirectInputEvents = YES;
				INFOPLIST_KEY_UILaunchStoryboardName = LaunchScreen;
				INFOPLIST_KEY_UIMainStoryboardFile = Main;
				INFOPLIST_KEY_UISupportedInterfaceOrientations_iPad = "UIInterfaceOrientationPortrait UIInterfaceOrientationPortraitUpsideDown UIInterfaceOrientationLandscapeLeft UIInterfaceOrientationLandscapeRight";
				INFOPLIST_KEY_UISupportedInterfaceOrientations_iPhone = "UIInterfaceOrientationPortrait UIInterfaceOrientationLandscapeLeft UIInterfaceOrientationLandscapeRight";
				LD_RUNPATH_SEARCH_PATHS = (
					"$(inherited)",
					"@executable_path/Frameworks",
				);
				MARKETING_VERSION = 1.0;
				PRODUCT_BUNDLE_IDENTIFIER = "putranto.project-7";
				PRODUCT_NAME = "$(TARGET_NAME)";
				SWIFT_EMIT_LOC_STRINGS = YES;
				SWIFT_VERSION = 5.0;
				TARGETED_DEVICE_FAMILY = "1,2";
			};
			name = Release;
		};
		D9DAA87B28BB14D20031CC5E /* Debug */ = {
			isa = XCBuildConfiguration;
			buildSettings = {
				ALWAYS_EMBED_SWIFT_STANDARD_LIBRARIES = YES;
				BUNDLE_LOADER = "$(TEST_HOST)";
				CODE_SIGN_STYLE = Automatic;
				CURRENT_PROJECT_VERSION = 1;
				GENERATE_INFOPLIST_FILE = YES;
				IPHONEOS_DEPLOYMENT_TARGET = 15.5;
				MARKETING_VERSION = 1.0;
				PRODUCT_BUNDLE_IDENTIFIER = "putranto.project-7Tests";
				PRODUCT_NAME = "$(TARGET_NAME)";
				SWIFT_EMIT_LOC_STRINGS = NO;
				SWIFT_VERSION = 5.0;
				TARGETED_DEVICE_FAMILY = "1,2";
				TEST_HOST = "$(BUILT_PRODUCTS_DIR)/project-7.app/project-7";
			};
			name = Debug;
		};
		D9DAA87C28BB14D20031CC5E /* Release */ = {
			isa = XCBuildConfiguration;
			buildSettings = {
				ALWAYS_EMBED_SWIFT_STANDARD_LIBRARIES = YES;
				BUNDLE_LOADER = "$(TEST_HOST)";
				CODE_SIGN_STYLE = Automatic;
				CURRENT_PROJECT_VERSION = 1;
				GENERATE_INFOPLIST_FILE = YES;
				IPHONEOS_DEPLOYMENT_TARGET = 15.5;
				MARKETING_VERSION = 1.0;
				PRODUCT_BUNDLE_IDENTIFIER = "putranto.project-7Tests";
				PRODUCT_NAME = "$(TARGET_NAME)";
				SWIFT_EMIT_LOC_STRINGS = NO;
				SWIFT_VERSION = 5.0;
				TARGETED_DEVICE_FAMILY = "1,2";
				TEST_HOST = "$(BUILT_PRODUCTS_DIR)/project-7.app/project-7";
			};
			name = Release;
		};
		D9DAA87E28BB14D20031CC5E /* Debug */ = {
			isa = XCBuildConfiguration;
			buildSettings = {
				ALWAYS_EMBED_SWIFT_STANDARD_LIBRARIES = YES;
				CODE_SIGN_STYLE = Automatic;
				CURRENT_PROJECT_VERSION = 1;
				GENERATE_INFOPLIST_FILE = YES;
				MARKETING_VERSION = 1.0;
				PRODUCT_BUNDLE_IDENTIFIER = "putranto.project-7UITests";
				PRODUCT_NAME = "$(TARGET_NAME)";
				SWIFT_EMIT_LOC_STRINGS = NO;
				SWIFT_VERSION = 5.0;
				TARGETED_DEVICE_FAMILY = "1,2";
				TEST_TARGET_NAME = "project-7";
			};
			name = Debug;
		};
		D9DAA87F28BB14D20031CC5E /* Release */ = {
			isa = XCBuildConfiguration;
			buildSettings = {
				ALWAYS_EMBED_SWIFT_STANDARD_LIBRARIES = YES;
				CODE_SIGN_STYLE = Automatic;
				CURRENT_PROJECT_VERSION = 1;
				GENERATE_INFOPLIST_FILE = YES;
				MARKETING_VERSION = 1.0;
				PRODUCT_BUNDLE_IDENTIFIER = "putranto.project-7UITests";
				PRODUCT_NAME = "$(TARGET_NAME)";
				SWIFT_EMIT_LOC_STRINGS = NO;
				SWIFT_VERSION = 5.0;
				TARGETED_DEVICE_FAMILY = "1,2";
				TEST_TARGET_NAME = "project-7";
			};
			name = Release;
		};
/* End XCBuildConfiguration section */

/* Begin XCConfigurationList section */
		D9DAA84828BB14D10031CC5E /* Build configuration list for PBXProject "project-7" */ = {
			isa = XCConfigurationList;
			buildConfigurations = (
				D9DAA87528BB14D20031CC5E /* Debug */,
				D9DAA87628BB14D20031CC5E /* Release */,
			);
			defaultConfigurationIsVisible = 0;
			defaultConfigurationName = Release;
		};
		D9DAA87728BB14D20031CC5E /* Build configuration list for PBXNativeTarget "project-7" */ = {
			isa = XCConfigurationList;
			buildConfigurations = (
				D9DAA87828BB14D20031CC5E /* Debug */,
				D9DAA87928BB14D20031CC5E /* Release */,
			);
			defaultConfigurationIsVisible = 0;
			defaultConfigurationName = Release;
		};
		D9DAA87A28BB14D20031CC5E /* Build configuration list for PBXNativeTarget "project-7Tests" */ = {
			isa = XCConfigurationList;
			buildConfigurations = (
				D9DAA87B28BB14D20031CC5E /* Debug */,
				D9DAA87C28BB14D20031CC5E /* Release */,
			);
			defaultConfigurationIsVisible = 0;
			defaultConfigurationName = Release;
		};
		D9DAA87D28BB14D20031CC5E /* Build configuration list for PBXNativeTarget "project-7UITests" */ = {
			isa = XCConfigurationList;
			buildConfigurations = (
				D9DAA87E28BB14D20031CC5E /* Debug */,
				D9DAA87F28BB14D20031CC5E /* Release */,
			);
			defaultConfigurationIsVisible = 0;
			defaultConfigurationName = Release;
		};
/* End XCConfigurationList section */
	};
	rootObject = D9DAA84528BB14D10031CC5E /* Project object */;
}
